{
  "requires": true,
  "lockfileVersion": 1,
  "dependencies": {
    "redirectjs": {
      "version": "1.9.0",
      "resolved": "https://registry.npmjs.org/redirectjs/-/redirectjs-1.9.0.tgz",
      "integrity": "sha512-7V7VSoR9gStaqK9pAvILzXh2v48c6d+6mGTgKQEheB5hU3TlGKrZ4Xt9GICfAzJ7SyC+9J68IXYAB7RWS9b16g=="
    }
  }
}
